
Microsoft Visual Studio Solution File, Format Version 12.00
Project("{FAE04EC0-301F-11D3-BF4B-00C04F79EFBC}") = "Sample", "Sample\Sample.csproj", "{99A6132F-3824-44F6-9B1F-86D40840009F}"
EndProject
Global
	GlobalSection(SolutionConfigurationPlatforms) = preSolution
		Debug|Any CPU = Debug|Any CPU
		Release|Any CPU = Release|Any CPU
	EndGlobalSection
	GlobalSection(ProjectConfigurationPlatforms) = postSolution
		{99A6132F-3824-44F6-9B1F-86D40840009F}.Debug|Any CPU.ActiveCfg = Debug|Any CPU
		{99A6132F-3824-44F6-9B1F-86D40840009F}.Debug|Any CPU.Build.0 = Debug|Any CPU
		{99A6132F-3824-44F6-9B1F-86D40840009F}.Release|Any CPU.ActiveCfg = Release|Any CPU
		{99A6132F-3824-44F6-9B1F-86D40840009F}.Release|Any CPU.Build.0 = Release|Any CPU
	EndGlobalSection
EndGlobal
